
Microsoft Visual Studio Solution File, Format Version 12.00
# Visual Studio Version 16
VisualStudioVersion = 16.0.29920.165
MinimumVisualStudioVersion = 10.0.40219.1
Project("{8BC9CEB8-8B4A-11D0-8D11-00A0C91BC942}") = "DNS防污染", "DNS防污染.vcxproj", "{64037956-47CB-4718-9BE5-E43EB19132BB}"
EndProject
Global
	GlobalSection(SolutionConfigurationPlatforms) = preSolution
		Debug|x64 = Debug|x64
		Debug|x86 = Debug|x86
		Release|x64 = Release|x64
		Release|x86 = Release|x86
	EndGlobalSection
	GlobalSection(ProjectConfigurationPlatforms) = postSolution
		{64037956-47CB-4718-9BE5-E43EB19132BB}.Debug|x64.ActiveCfg = Debug|x64
		{64037956-47CB-4718-9BE5-E43EB19132BB}.Debug|x64.Build.0 = Debug|x64
		{64037956-47CB-4718-9BE5-E43EB19132BB}.Debug|x86.ActiveCfg = Debug|Win32
		{64037956-47CB-4718-9BE5-E43EB19132BB}.Debug|x86.Build.0 = Debug|Win32
		{64037956-47CB-4718-9BE5-E43EB19132BB}.Release|x64.ActiveCfg = Release|x64
		{64037956-47CB-4718-9BE5-E43EB19132BB}.Release|x64.Build.0 = Release|x64
		{64037956-47CB-4718-9BE5-E43EB19132BB}.Release|x86.ActiveCfg = Release|Win32
		{64037956-47CB-4718-9BE5-E43EB19132BB}.Release|x86.Build.0 = Release|Win32
	EndGlobalSection
	GlobalSection(SolutionProperties) = preSolution
		HideSolutionNode = FALSE
	EndGlobalSection
	GlobalSection(ExtensibilityGlobals) = postSolution
		SolutionGuid = {90107EA4-5021-4A91-8B7B-89EE112DAA83}
	EndGlobalSection
EndGlobal
